// !$*UTF8*$!
{
	archiveVersion = 1;
	classes = {
	};
	objectVersion = 48;
	objects = {

/* Begin PBXBuildFile section */
		DA44DC8C211D41C7007097B9 /* GPSClass.swift in Sources */ = {isa = PBXBuildFile; fileRef = DA44DC8B211D41C7007097B9 /* GPSClass.swift */; };
		DA44DC8E211D547B007097B9 /* GPSClass.md in Resources */ = {isa = PBXBuildFile; fileRef = DA44DC8D211D547B007097B9 /* GPSClass.md */; };
		DA44DC90211D6E5D007097B9 /* GyroscopeClass.swift in Sources */ = {isa = PBXBuildFile; fileRef = DA44DC8F211D6E5D007097B9 /* GyroscopeClass.swift */; };
		DA44DC92211D731A007097B9 /* GyroscopeClass.md in Resources */ = {isa = PBXBuildFile; fileRef = DA44DC91211D731A007097B9 /* GyroscopeClass.md */; };
		DA7582BF211C2AB700966D9D /* CreateQRCode.swift in Sources */ = {isa = PBXBuildFile; fileRef = DA7582BE211C2AB700966D9D /* CreateQRCode.swift */; };
		DA7582C1211C2C5200966D9D /* QRCode.md in Resources */ = {isa = PBXBuildFile; fileRef = DA7582C0211C2C5200966D9D /* QRCode.md */; };
		DA9A81F2211BEBDA0074E8A8 /* AppDelegate.swift in Sources */ = {isa = PBXBuildFile; fileRef = DA9A81F1211BEBDA0074E8A8 /* AppDelegate.swift */; };
		DA9A81F4211BEBDA0074E8A8 /* ViewController.swift in Sources */ = {isa = PBXBuildFile; fileRef = DA9A81F3211BEBDA0074E8A8 /* ViewController.swift */; };
		DA9A81F7211BEBDA0074E8A8 /* Main.storyboard in Resources */ = {isa = PBXBuildFile; fileRef = DA9A81F5211BEBDA0074E8A8 /* Main.storyboard */; };
		DA9A81F9211BEBDA0074E8A8 /* Assets.xcassets in Resources */ = {isa = PBXBuildFile; fileRef = DA9A81F8211BEBDA0074E8A8 /* Assets.xcassets */; };
		DA9A81FC211BEBDA0074E8A8 /* LaunchScreen.storyboard in Resources */ = {isa = PBXBuildFile; fileRef = DA9A81FA211BEBDA0074E8A8 /* LaunchScreen.storyboard */; };
		DA9A8207211BEBDA0074E8A8 /* PlugProjectTests.swift in Sources */ = {isa = PBXBuildFile; fileRef = DA9A8206211BEBDA0074E8A8 /* PlugProjectTests.swift */; };
		DA9A8212211BEBDA0074E8A8 /* PlugProjectUITests.swift in Sources */ = {isa = PBXBuildFile; fileRef = DA9A8211211BEBDA0074E8A8 /* PlugProjectUITests.swift */; };
		DA9A8221211BEF3D0074E8A8 /* ScreenShot.swift in Sources */ = {isa = PBXBuildFile; fileRef = DA9A8220211BEF3D0074E8A8 /* ScreenShot.swift */; };
		DA9A8223211BF1A60074E8A8 /* ScreenCap.swift in Sources */ = {isa = PBXBuildFile; fileRef = DA9A8222211BF1A60074E8A8 /* ScreenCap.swift */; };
		DAD0BA78211C0B44005D153F /* Screen Shot&Cap.md in Resources */ = {isa = PBXBuildFile; fileRef = DAD0BA77211C0B44005D153F /* Screen Shot&Cap.md */; };
/* End PBXBuildFile section */

/* Begin PBXContainerItemProxy section */
		DA9A8203211BEBDA0074E8A8 /* PBXContainerItemProxy */ = {
			isa = PBXContainerItemProxy;
			containerPortal = DA9A81E6211BEBD90074E8A8 /* Project object */;
			proxyType = 1;
			remoteGlobalIDString = DA9A81ED211BEBD90074E8A8;
			remoteInfo = PlugProject;
		};
		DA9A820E211BEBDA0074E8A8 /* PBXContainerItemProxy */ = {
			isa = PBXContainerItemProxy;
			containerPortal = DA9A81E6211BEBD90074E8A8 /* Project object */;
			proxyType = 1;
			remoteGlobalIDString = DA9A81ED211BEBD90074E8A8;
			remoteInfo = PlugProject;
		};
/* End PBXContainerItemProxy section */

/* Begin PBXFileReference section */
		DA44DC8B211D41C7007097B9 /* GPSClass.swift */ = {isa = PBXFileReference; lastKnownFileType = sourcecode.swift; path = GPSClass.swift; sourceTree = "<group>"; };
		DA44DC8D211D547B007097B9 /* GPSClass.md */ = {isa = PBXFileReference; lastKnownFileType = net.daringfireball.markdown; path = GPSClass.md; sourceTree = "<group>"; };
		DA44DC8F211D6E5D007097B9 /* GyroscopeClass.swift */ = {isa = PBXFileReference; lastKnownFileType = sourcecode.swift; path = GyroscopeClass.swift; sourceTree = "<group>"; };
		DA44DC91211D731A007097B9 /* GyroscopeClass.md */ = {isa = PBXFileReference; lastKnownFileType = net.daringfireball.markdown; path = GyroscopeClass.md; sourceTree = "<group>"; };
		DA7582BE211C2AB700966D9D /* CreateQRCode.swift */ = {isa = PBXFileReference; lastKnownFileType = sourcecode.swift; path = CreateQRCode.swift; sourceTree = "<group>"; };
		DA7582C0211C2C5200966D9D /* QRCode.md */ = {isa = PBXFileReference; lastKnownFileType = net.daringfireball.markdown; path = QRCode.md; sourceTree = "<group>"; };
		DA9A81EE211BEBDA0074E8A8 /* PlugProject.app */ = {isa = PBXFileReference; explicitFileType = wrapper.application; includeInIndex = 0; path = PlugProject.app; sourceTree = BUILT_PRODUCTS_DIR; };
		DA9A81F1211BEBDA0074E8A8 /* AppDelegate.swift */ = {isa = PBXFileReference; lastKnownFileType = sourcecode.swift; path = AppDelegate.swift; sourceTree = "<group>"; };
		DA9A81F3211BEBDA0074E8A8 /* ViewController.swift */ = {isa = PBXFileReference; lastKnownFileType = sourcecode.swift; path = ViewController.swift; sourceTree = "<group>"; };
		DA9A81F6211BEBDA0074E8A8 /* Base */ = {isa = PBXFileReference; lastKnownFileType = file.storyboard; name = Base; path = Base.lproj/Main.storyboard; sourceTree = "<group>"; };
		DA9A81F8211BEBDA0074E8A8 /* Assets.xcassets */ = {isa = PBXFileReference; lastKnownFileType = folder.assetcatalog; path = Assets.xcassets; sourceTree = "<group>"; };
		DA9A81FB211BEBDA0074E8A8 /* Base */ = {isa = PBXFileReference; lastKnownFileType = file.storyboard; name = Base; path = Base.lproj/LaunchScreen.storyboard; sourceTree = "<group>"; };
		DA9A81FD211BEBDA0074E8A8 /* Info.plist */ = {isa = PBXFileReference; lastKnownFileType = text.plist.xml; path = Info.plist; sourceTree = "<group>"; };
		DA9A8202211BEBDA0074E8A8 /* PlugProjectTests.xctest */ = {isa = PBXFileReference; explicitFileType = wrapper.cfbundle; includeInIndex = 0; path = PlugProjectTests.xctest; sourceTree = BUILT_PRODUCTS_DIR; };
		DA9A8206211BEBDA0074E8A8 /* PlugProjectTests.swift */ = {isa = PBXFileReference; lastKnownFileType = sourcecode.swift; path = PlugProjectTests.swift; sourceTree = "<group>"; };
		DA9A8208211BEBDA0074E8A8 /* Info.plist */ = {isa = PBXFileReference; lastKnownFileType = text.plist.xml; path = Info.plist; sourceTree = "<group>"; };
		DA9A820D211BEBDA0074E8A8 /* PlugProjectUITests.xctest */ = {isa = PBXFileReference; explicitFileType = wrapper.cfbundle; includeInIndex = 0; path = PlugProjectUITests.xctest; sourceTree = BUILT_PRODUCTS_DIR; };
		DA9A8211211BEBDA0074E8A8 /* PlugProjectUITests.swift */ = {isa = PBXFileReference; lastKnownFileType = sourcecode.swift; path = PlugProjectUITests.swift; sourceTree = "<group>"; };
		DA9A8213211BEBDA0074E8A8 /* Info.plist */ = {isa = PBXFileReference; lastKnownFileType = text.plist.xml; path = Info.plist; sourceTree = "<group>"; };
		DA9A8220211BEF3D0074E8A8 /* ScreenShot.swift */ = {isa = PBXFileReference; lastKnownFileType = sourcecode.swift; path = ScreenShot.swift; sourceTree = "<group>"; };
		DA9A8222211BF1A60074E8A8 /* ScreenCap.swift */ = {isa = PBXFileReference; lastKnownFileType = sourcecode.swift; path = ScreenCap.swift; sourceTree = "<group>"; };
		DAD0BA77211C0B44005D153F /* Screen Shot&Cap.md */ = {isa = PBXFileReference; lastKnownFileType = net.daringfireball.markdown; path = "Screen Shot&Cap.md"; sourceTree = "<group>"; };
/* End PBXFileReference section */

/* Begin PBXFrameworksBuildPhase section */
		DA9A81EB211BEBD90074E8A8 /* Frameworks */ = {
			isa = PBXFrameworksBuildPhase;
			buildActionMask = 2147483647;
			files = (
			);
			runOnlyForDeploymentPostprocessing = 0;
		};
		DA9A81FF211BEBDA0074E8A8 /* Frameworks */ = {
			isa = PBXFrameworksBuildPhase;
			buildActionMask = 2147483647;
			files = (
			);
			runOnlyForDeploymentPostprocessing = 0;
		};
		DA9A820A211BEBDA0074E8A8 /* Frameworks */ = {
			isa = PBXFrameworksBuildPhase;
			buildActionMask = 2147483647;
			files = (
			);
			runOnlyForDeploymentPostprocessing = 0;
		};
/* End PBXFrameworksBuildPhase section */

/* Begin PBXGroup section */
		DA44DC89211C2F62007097B9 /* GPS */ = {
			isa = PBXGroup;
			children = (
				DA44DC8D211D547B007097B9 /* GPSClass.md */,
				DA44DC8B211D41C7007097B9 /* GPSClass.swift */,
			);
			path = GPS;
			sourceTree = "<group>";
		};
		DA44DC8A211C2F77007097B9 /* Gyroscope */ = {
			isa = PBXGroup;
			children = (
				DA44DC91211D731A007097B9 /* GyroscopeClass.md */,
				DA44DC8F211D6E5D007097B9 /* GyroscopeClass.swift */,
			);
			path = Gyroscope;
			sourceTree = "<group>";
		};
		DA7582BD211C2A9400966D9D /* QRCode */ = {
			isa = PBXGroup;
			children = (
				DA7582C0211C2C5200966D9D /* QRCode.md */,
				DA7582BE211C2AB700966D9D /* CreateQRCode.swift */,
			);
			path = QRCode;
			sourceTree = "<group>";
		};
		DA9A81E5211BEBD90074E8A8 = {
			isa = PBXGroup;
			children = (
				DA9A81F0211BEBDA0074E8A8 /* PlugProject */,
				DA9A8205211BEBDA0074E8A8 /* PlugProjectTests */,
				DA9A8210211BEBDA0074E8A8 /* PlugProjectUITests */,
				DA9A81EF211BEBDA0074E8A8 /* Products */,
			);
			sourceTree = "<group>";
		};
		DA9A81EF211BEBDA0074E8A8 /* Products */ = {
			isa = PBXGroup;
			children = (
				DA9A81EE211BEBDA0074E8A8 /* PlugProject.app */,
				DA9A8202211BEBDA0074E8A8 /* PlugProjectTests.xctest */,
				DA9A820D211BEBDA0074E8A8 /* PlugProjectUITests.xctest */,
			);
			name = Products;
			sourceTree = "<group>";
		};
		DA9A81F0211BEBDA0074E8A8 /* PlugProject */ = {
			isa = PBXGroup;
			children = (
				DA44DC8A211C2F77007097B9 /* Gyroscope */,
				DA44DC89211C2F62007097B9 /* GPS */,
				DA7582BD211C2A9400966D9D /* QRCode */,
				DA9A821F211BEBE70074E8A8 /* Screen Shot&Cap */,
				DA9A81F1211BEBDA0074E8A8 /* AppDelegate.swift */,
				DA9A81F3211BEBDA0074E8A8 /* ViewController.swift */,
				DA9A81F5211BEBDA0074E8A8 /* Main.storyboard */,
				DA9A81FA211BEBDA0074E8A8 /* LaunchScreen.storyboard */,
				DA9A81F8211BEBDA0074E8A8 /* Assets.xcassets */,
				DA9A81FD211BEBDA0074E8A8 /* Info.plist */,
			);
			path = PlugProject;
			sourceTree = "<group>";
		};
		DA9A8205211BEBDA0074E8A8 /* PlugProjectTests */ = {
			isa = PBXGroup;
			children = (
				DA9A8206211BEBDA0074E8A8 /* PlugProjectTests.swift */,
				DA9A8208211BEBDA0074E8A8 /* Info.plist */,
			);
			path = PlugProjectTests;
			sourceTree = "<group>";
		};
		DA9A8210211BEBDA0074E8A8 /* PlugProjectUITests */ = {
			isa = PBXGroup;
			children = (
				DA9A8211211BEBDA0074E8A8 /* PlugProjectUITests.swift */,
				DA9A8213211BEBDA0074E8A8 /* Info.plist */,
			);
			path = PlugProjectUITests;
			sourceTree = "<group>";
		};
		DA9A821F211BEBE70074E8A8 /* Screen Shot&Cap */ = {
			isa = PBXGroup;
			children = (
				DAD0BA77211C0B44005D153F /* Screen Shot&Cap.md */,
				DA9A8220211BEF3D0074E8A8 /* ScreenShot.swift */,
				DA9A8222211BF1A60074E8A8 /* ScreenCap.swift */,
			);
			path = "Screen Shot&Cap";
			sourceTree = "<group>";
		};
/* End PBXGroup section */

/* Begin PBXNativeTarget section */
		DA9A81ED211BEBD90074E8A8 /* PlugProject */ = {
			isa = PBXNativeTarget;
			buildConfigurationList = DA9A8216211BEBDA0074E8A8 /* Build configuration list for PBXNativeTarget "PlugProject" */;
			buildPhases = (
				DA9A81EA211BEBD90074E8A8 /* Sources */,
				DA9A81EB211BEBD90074E8A8 /* Frameworks */,
				DA9A81EC211BEBD90074E8A8 /* Resources */,
			);
			buildRules = (
			);
			dependencies = (
			);
			name = PlugProject;
			productName = PlugProject;
			productReference = DA9A81EE211BEBDA0074E8A8 /* PlugProject.app */;
			productType = "com.apple.product-type.application";
		};
		DA9A8201211BEBDA0074E8A8 /* PlugProjectTests */ = {
			isa = PBXNativeTarget;
			buildConfigurationList = DA9A8219211BEBDA0074E8A8 /* Build configuration list for PBXNativeTarget "PlugProjectTests" */;
			buildPhases = (
				DA9A81FE211BEBDA0074E8A8 /* Sources */,
				DA9A81FF211BEBDA0074E8A8 /* Frameworks */,
				DA9A8200211BEBDA0074E8A8 /* Resources */,
			);
			buildRules = (
			);
			dependencies = (
				DA9A8204211BEBDA0074E8A8 /* PBXTargetDependency */,
			);
			name = PlugProjectTests;
			productName = PlugProjectTests;
			productReference = DA9A8202211BEBDA0074E8A8 /* PlugProjectTests.xctest */;
			productType = "com.apple.product-type.bundle.unit-test";
		};
		DA9A820C211BEBDA0074E8A8 /* PlugProjectUITests */ = {
			isa = PBXNativeTarget;
			buildConfigurationList = DA9A821C211BEBDA0074E8A8 /* Build configuration list for PBXNativeTarget "PlugProjectUITests" */;
			buildPhases = (
				DA9A8209211BEBDA0074E8A8 /* Sources */,
				DA9A820A211BEBDA0074E8A8 /* Frameworks */,
				DA9A820B211BEBDA0074E8A8 /* Resources */,
			);
			buildRules = (
			);
			dependencies = (
				DA9A820F211BEBDA0074E8A8 /* PBXTargetDependency */,
			);
			name = PlugProjectUITests;
			productName = PlugProjectUITests;
			productReference = DA9A820D211BEBDA0074E8A8 /* PlugProjectUITests.xctest */;
			productType = "com.apple.product-type.bundle.ui-testing";
		};
/* End PBXNativeTarget section */

/* Begin PBXProject section */
		DA9A81E6211BEBD90074E8A8 /* Project object */ = {
			isa = PBXProject;
			attributes = {
				LastSwiftUpdateCheck = 0920;
				LastUpgradeCheck = 0920;
				ORGANIZATIONNAME = zero;
				TargetAttributes = {
					DA9A81ED211BEBD90074E8A8 = {
						CreatedOnToolsVersion = 9.2;
						ProvisioningStyle = Automatic;
					};
					DA9A8201211BEBDA0074E8A8 = {
						CreatedOnToolsVersion = 9.2;
						ProvisioningStyle = Automatic;
						TestTargetID = DA9A81ED211BEBD90074E8A8;
					};
					DA9A820C211BEBDA0074E8A8 = {
						CreatedOnToolsVersion = 9.2;
						ProvisioningStyle = Automatic;
						TestTargetID = DA9A81ED211BEBD90074E8A8;
					};
				};
			};
			buildConfigurationList = DA9A81E9211BEBD90074E8A8 /* Build configuration list for PBXProject "PlugProject" */;
			compatibilityVersion = "Xcode 8.0";
			developmentRegion = en;
			hasScannedForEncodings = 0;
			knownRegions = (
				en,
				Base,
			);
			mainGroup = DA9A81E5211BEBD90074E8A8;
			productRefGroup = DA9A81EF211BEBDA0074E8A8 /* Products */;
			projectDirPath = "";
			projectRoot = "";
			targets = (
				DA9A81ED211BEBD90074E8A8 /* PlugProject */,
				DA9A8201211BEBDA0074E8A8 /* PlugProjectTests */,
				DA9A820C211BEBDA0074E8A8 /* PlugProjectUITests */,
			);
		};
/* End PBXProject section */

/* Begin PBXResourcesBuildPhase section */
		DA9A81EC211BEBD90074E8A8 /* Resources */ = {
			isa = PBXResourcesBuildPhase;
			buildActionMask = 2147483647;
			files = (
				DA9A81FC211BEBDA0074E8A8 /* LaunchScreen.storyboard in Resources */,
				DA7582C1211C2C5200966D9D /* QRCode.md in Resources */,
				DAD0BA78211C0B44005D153F /* Screen Shot&Cap.md in Resources */,
				DA44DC92211D731A007097B9 /* GyroscopeClass.md in Resources */,
				DA9A81F9211BEBDA0074E8A8 /* Assets.xcassets in Resources */,
				DA44DC8E211D547B007097B9 /* GPSClass.md in Resources */,
				DA9A81F7211BEBDA0074E8A8 /* Main.storyboard in Resources */,
			);
			runOnlyForDeploymentPostprocessing = 0;
		};
		DA9A8200211BEBDA0074E8A8 /* Resources */ = {
			isa = PBXResourcesBuildPhase;
			buildActionMask = 2147483647;
			files = (
			);
			runOnlyForDeploymentPostprocessing = 0;
		};
		DA9A820B211BEBDA0074E8A8 /* Resources */ = {
			isa = PBXResourcesBuildPhase;
			buildActionMask = 2147483647;
			files = (
			);
			runOnlyForDeploymentPostprocessing = 0;
		};
/* End PBXResourcesBuildPhase section */

/* Begin PBXSourcesBuildPhase section */
		DA9A81EA211BEBD90074E8A8 /* Sources */ = {
			isa = PBXSourcesBuildPhase;
			buildActionMask = 2147483647;
			files = (
				DA7582BF211C2AB700966D9D /* CreateQRCode.swift in Sources */,
				DA44DC8C211D41C7007097B9 /* GPSClass.swift in Sources */,
				DA44DC90211D6E5D007097B9 /* GyroscopeClass.swift in Sources */,
				DA9A81F4211BEBDA0074E8A8 /* ViewController.swift in Sources */,
				DA9A8221211BEF3D0074E8A8 /* ScreenShot.swift in Sources */,
				DA9A8223211BF1A60074E8A8 /* ScreenCap.swift in Sources */,
				DA9A81F2211BEBDA0074E8A8 /* AppDelegate.swift in Sources */,
			);
			runOnlyForDeploymentPostprocessing = 0;
		};
		DA9A81FE211BEBDA0074E8A8 /* Sources */ = {
			isa = PBXSourcesBuildPhase;
			buildActionMask = 2147483647;
			files = (
				DA9A8207211BEBDA0074E8A8 /* PlugProjectTests.swift in Sources */,
			);
			runOnlyForDeploymentPostprocessing = 0;
		};
		DA9A8209211BEBDA0074E8A8 /* Sources */ = {
			isa = PBXSourcesBuildPhase;
			buildActionMask = 2147483647;
			files = (
				DA9A8212211BEBDA0074E8A8 /* PlugProjectUITests.swift in Sources */,
			);
			runOnlyForDeploymentPostprocessing = 0;
		};
/* End PBXSourcesBuildPhase section */

/* Begin PBXTargetDependency section */
		DA9A8204211BEBDA0074E8A8 /* PBXTargetDependency */ = {
			isa = PBXTargetDependency;
			target = DA9A81ED211BEBD90074E8A8 /* PlugProject */;
			targetProxy = DA9A8203211BEBDA0074E8A8 /* PBXContainerItemProxy */;
		};
		DA9A820F211BEBDA0074E8A8 /* PBXTargetDependency */ = {
			isa = PBXTargetDependency;
			target = DA9A81ED211BEBD90074E8A8 /* PlugProject */;
			targetProxy = DA9A820E211BEBDA0074E8A8 /* PBXContainerItemProxy */;
		};
/* End PBXTargetDependency section */

/* Begin PBXVariantGroup section */
		DA9A81F5211BEBDA0074E8A8 /* Main.storyboard */ = {
			isa = PBXVariantGroup;
			children = (
				DA9A81F6211BEBDA0074E8A8 /* Base */,
			);
			name = Main.storyboard;
			sourceTree = "<group>";
		};
		DA9A81FA211BEBDA0074E8A8 /* LaunchScreen.storyboard */ = {
			isa = PBXVariantGroup;
			children = (
				DA9A81FB211BEBDA0074E8A8 /* Base */,
			);
			name = LaunchScreen.storyboard;
			sourceTree = "<group>";
		};
/* End PBXVariantGroup section */

/* Begin XCBuildConfiguration section */
		DA9A8214211BEBDA0074E8A8 /* Debug */ = {
			isa = XCBuildConfiguration;
			buildSettings = {
				ALWAYS_SEARCH_USER_PATHS = NO;
				CLANG_ANALYZER_NONNULL = YES;
				CLANG_ANALYZER_NUMBER_OBJECT_CONVERSION = YES_AGGRESSIVE;
				CLANG_CXX_LANGUAGE_STANDARD = "gnu++14";
				CLANG_CXX_LIBRARY = "libc++";
				CLANG_ENABLE_MODULES = YES;
				CLANG_ENABLE_OBJC_ARC = YES;
				CLANG_WARN_BLOCK_CAPTURE_AUTORELEASING = YES;
				CLANG_WARN_BOOL_CONVERSION = YES;
				CLANG_WARN_COMMA = YES;
				CLANG_WARN_CONSTANT_CONVERSION = YES;
				CLANG_WARN_DIRECT_OBJC_ISA_USAGE = YES_ERROR;
				CLANG_WARN_DOCUMENTATION_COMMENTS = YES;
				CLANG_WARN_EMPTY_BODY = YES;
				CLANG_WARN_ENUM_CONVERSION = YES;
				CLANG_WARN_INFINITE_RECURSION = YES;
				CLANG_WARN_INT_CONVERSION = YES;
				CLANG_WARN_NON_LITERAL_NULL_CONVERSION = YES;
				CLANG_WARN_OBJC_LITERAL_CONVERSION = YES;
				CLANG_WARN_OBJC_ROOT_CLASS = YES_ERROR;
				CLANG_WARN_RANGE_LOOP_ANALYSIS = YES;
				CLANG_WARN_STRICT_PROTOTYPES = YES;
				CLANG_WARN_SUSPICIOUS_MOVE = YES;
				CLANG_WARN_UNGUARDED_AVAILABILITY = YES_AGGRESSIVE;
				CLANG_WARN_UNREACHABLE_CODE = YES;
				CLANG_WARN__DUPLICATE_METHOD_MATCH = YES;
				CODE_SIGN_IDENTITY = "iPhone Developer";
				COPY_PHASE_STRIP = NO;
				DEBUG_INFORMATION_FORMAT = dwarf;
				ENABLE_STRICT_OBJC_MSGSEND = YES;
				ENABLE_TESTABILITY = YES;
				GCC_C_LANGUAGE_STANDARD = gnu11;
				GCC_DYNAMIC_NO_PIC = NO;
				GCC_NO_COMMON_BLOCKS = YES;
				GCC_OPTIMIZATION_LEVEL = 0;
				GCC_PREPROCESSOR_DEFINITIONS = (
					"DEBUG=1",
					"$(inherited)",
				);
				GCC_WARN_64_TO_32_BIT_CONVERSION = YES;
				GCC_WARN_ABOUT_RETURN_TYPE = YES_ERROR;
				GCC_WARN_UNDECLARED_SELECTOR = YES;
				GCC_WARN_UNINITIALIZED_AUTOS = YES_AGGRESSIVE;
				GCC_WARN_UNUSED_FUNCTION = YES;
				GCC_WARN_UNUSED_VARIABLE = YES;
				IPHONEOS_DEPLOYMENT_TARGET = 11.2;
				MTL_ENABLE_DEBUG_INFO = YES;
				ONLY_ACTIVE_ARCH = YES;
				SDKROOT = iphoneos;
				SWIFT_ACTIVE_COMPILATION_CONDITIONS = DEBUG;
				SWIFT_OPTIMIZATION_LEVEL = "-Onone";
			};
			name = Debug;
		};
		DA9A8215211BEBDA0074E8A8 /* Release */ = {
			isa = XCBuildConfiguration;
			buildSettings = {
				ALWAYS_SEARCH_USER_PATHS = NO;
				CLANG_ANALYZER_NONNULL = YES;
				CLANG_ANALYZER_NUMBER_OBJECT_CONVERSION = YES_AGGRESSIVE;
				CLANG_CXX_LANGUAGE_STANDARD = "gnu++14";
				CLANG_CXX_LIBRARY = "libc++";
				CLANG_ENABLE_MODULES = YES;
				CLANG_ENABLE_OBJC_ARC = YES;
				CLANG_WARN_BLOCK_CAPTURE_AUTORELEASING = YES;
				CLANG_WARN_BOOL_CONVERSION = YES;
				CLANG_WARN_COMMA = YES;
				CLANG_WARN_CONSTANT_CONVERSION = YES;
				CLANG_WARN_DIRECT_OBJC_ISA_USAGE = YES_ERROR;
				CLANG_WARN_DOCUMENTATION_COMMENTS = YES;
				CLANG_WARN_EMPTY_BODY = YES;
				CLANG_WARN_ENUM_CONVERSION = YES;
				CLANG_WARN_INFINITE_RECURSION = YES;
				CLANG_WARN_INT_CONVERSION = YES;
				CLANG_WARN_NON_LITERAL_NULL_CONVERSION = YES;
				CLANG_WARN_OBJC_LITERAL_CONVERSION = YES;
				CLANG_WARN_OBJC_ROOT_CLASS = YES_ERROR;
				CLANG_WARN_RANGE_LOOP_ANALYSIS = YES;
				CLANG_WARN_STRICT_PROTOTYPES = YES;
				CLANG_WARN_SUSPICIOUS_MOVE = YES;
				CLANG_WARN_UNGUARDED_AVAILABILITY = YES_AGGRESSIVE;
				CLANG_WARN_UNREACHABLE_CODE = YES;
				CLANG_WARN__DUPLICATE_METHOD_MATCH = YES;
				CODE_SIGN_IDENTITY = "iPhone Developer";
				COPY_PHASE_STRIP = NO;
				DEBUG_INFORMATION_FORMAT = "dwarf-with-dsym";
				ENABLE_NS_ASSERTIONS = NO;
				ENABLE_STRICT_OBJC_MSGSEND = YES;
				GCC_C_LANGUAGE_STANDARD = gnu11;
				GCC_NO_COMMON_BLOCKS = YES;
				GCC_WARN_64_TO_32_BIT_CONVERSION = YES;
				GCC_WARN_ABOUT_RETURN_TYPE = YES_ERROR;
				GCC_WARN_UNDECLARED_SELECTOR = YES;
				GCC_WARN_UNINITIALIZED_AUTOS = YES_AGGRESSIVE;
				GCC_WARN_UNUSED_FUNCTION = YES;
				GCC_WARN_UNUSED_VARIABLE = YES;
				IPHONEOS_DEPLOYMENT_TARGET = 11.2;
				MTL_ENABLE_DEBUG_INFO = NO;
				SDKROOT = iphoneos;
				SWIFT_OPTIMIZATION_LEVEL = "-Owholemodule";
				VALIDATE_PRODUCT = YES;
			};
			name = Release;
		};
		DA9A8217211BEBDA0074E8A8 /* Debug */ = {
			isa = XCBuildConfiguration;
			buildSettings = {
				ASSETCATALOG_COMPILER_APPICON_NAME = AppIcon;
				CODE_SIGN_STYLE = Automatic;
				DEVELOPMENT_TEAM = TQ42Q3YS7A;
				INFOPLIST_FILE = PlugProject/Info.plist;
				LD_RUNPATH_SEARCH_PATHS = "$(inherited) @executable_path/Frameworks";
				PRODUCT_BUNDLE_IDENTIFIER = zero.PlugProject;
				PRODUCT_NAME = "$(TARGET_NAME)";
				SWIFT_VERSION = 4.0;
				TARGETED_DEVICE_FAMILY = "1,2";
			};
			name = Debug;
		};
		DA9A8218211BEBDA0074E8A8 /* Release */ = {
			isa = XCBuildConfiguration;
			buildSettings = {
				ASSETCATALOG_COMPILER_APPICON_NAME = AppIcon;
				CODE_SIGN_STYLE = Automatic;
				DEVELOPMENT_TEAM = TQ42Q3YS7A;
				INFOPLIST_FILE = PlugProject/Info.plist;
				LD_RUNPATH_SEARCH_PATHS = "$(inherited) @executable_path/Frameworks";
				PRODUCT_BUNDLE_IDENTIFIER = zero.PlugProject;
				PRODUCT_NAME = "$(TARGET_NAME)";
				SWIFT_VERSION = 4.0;
				TARGETED_DEVICE_FAMILY = "1,2";
			};
			name = Release;
		};
		DA9A821A211BEBDA0074E8A8 /* Debug */ = {
			isa = XCBuildConfiguration;
			buildSettings = {
				ALWAYS_EMBED_SWIFT_STANDARD_LIBRARIES = YES;
				BUNDLE_LOADER = "$(TEST_HOST)";
				CODE_SIGN_STYLE = Automatic;
				INFOPLIST_FILE = PlugProjectTests/Info.plist;
				LD_RUNPATH_SEARCH_PATHS = "$(inherited) @executable_path/Frameworks @loader_path/Frameworks";
				PRODUCT_BUNDLE_IDENTIFIER = zero.PlugProjectTests;
				PRODUCT_NAME = "$(TARGET_NAME)";
				SWIFT_VERSION = 4.0;
				TARGETED_DEVICE_FAMILY = "1,2";
				TEST_HOST = "$(BUILT_PRODUCTS_DIR)/PlugProject.app/PlugProject";
			};
			name = Debug;
		};
		DA9A821B211BEBDA0074E8A8 /* Release */ = {
			isa = XCBuildConfiguration;
			buildSettings = {
				ALWAYS_EMBED_SWIFT_STANDARD_LIBRARIES = YES;
				BUNDLE_LOADER = "$(TEST_HOST)";
				CODE_SIGN_STYLE = Automatic;
				INFOPLIST_FILE = PlugProjectTests/Info.plist;
				LD_RUNPATH_SEARCH_PATHS = "$(inherited) @executable_path/Frameworks @loader_path/Frameworks";
				PRODUCT_BUNDLE_IDENTIFIER = zero.PlugProjectTests;
				PRODUCT_NAME = "$(TARGET_NAME)";
				SWIFT_VERSION = 4.0;
				TARGETED_DEVICE_FAMILY = "1,2";
				TEST_HOST = "$(BUILT_PRODUCTS_DIR)/PlugProject.app/PlugProject";
			};
			name = Release;
		};
		DA9A821D211BEBDA0074E8A8 /* Debug */ = {
			isa = XCBuildConfiguration;
			buildSettings = {
				ALWAYS_EMBED_SWIFT_STANDARD_LIBRARIES = YES;
				CODE_SIGN_STYLE = Automatic;
				INFOPLIST_FILE = PlugProjectUITests/Info.plist;
				LD_RUNPATH_SEARCH_PATHS = "$(inherited) @executable_path/Frameworks @loader_path/Frameworks";
				PRODUCT_BUNDLE_IDENTIFIER = zero.PlugProjectUITests;
				PRODUCT_NAME = "$(TARGET_NAME)";
				SWIFT_VERSION = 4.0;
				TARGETED_DEVICE_FAMILY = "1,2";
				TEST_TARGET_NAME = PlugProject;
			};
			name = Debug;
		};
		DA9A821E211BEBDA0074E8A8 /* Release */ = {
			isa = XCBuildConfiguration;
			buildSettings = {
				ALWAYS_EMBED_SWIFT_STANDARD_LIBRARIES = YES;
				CODE_SIGN_STYLE = Automatic;
				INFOPLIST_FILE = PlugProjectUITests/Info.plist;
				LD_RUNPATH_SEARCH_PATHS = "$(inherited) @executable_path/Frameworks @loader_path/Frameworks";
				PRODUCT_BUNDLE_IDENTIFIER = zero.PlugProjectUITests;
				PRODUCT_NAME = "$(TARGET_NAME)";
				SWIFT_VERSION = 4.0;
				TARGETED_DEVICE_FAMILY = "1,2";
				TEST_TARGET_NAME = PlugProject;
			};
			name = Release;
		};
/* End XCBuildConfiguration section */

/* Begin XCConfigurationList section */
		DA9A81E9211BEBD90074E8A8 /* Build configuration list for PBXProject "PlugProject" */ = {
			isa = XCConfigurationList;
			buildConfigurations = (
				DA9A8214211BEBDA0074E8A8 /* Debug */,
				DA9A8215211BEBDA0074E8A8 /* Release */,
			);
			defaultConfigurationIsVisible = 0;
			defaultConfigurationName = Release;
		};
		DA9A8216211BEBDA0074E8A8 /* Build configuration list for PBXNativeTarget "PlugProject" */ = {
			isa = XCConfigurationList;
			buildConfigurations = (
				DA9A8217211BEBDA0074E8A8 /* Debug */,
				DA9A8218211BEBDA0074E8A8 /* Release */,
			);
			defaultConfigurationIsVisible = 0;
			defaultConfigurationName = Release;
		};
		DA9A8219211BEBDA0074E8A8 /* Build configuration list for PBXNativeTarget "PlugProjectTests" */ = {
			isa = XCConfigurationList;
			buildConfigurations = (
				DA9A821A211BEBDA0074E8A8 /* Debug */,
				DA9A821B211BEBDA0074E8A8 /* Release */,
			);
			defaultConfigurationIsVisible = 0;
			defaultConfigurationName = Release;
		};
		DA9A821C211BEBDA0074E8A8 /* Build configuration list for PBXNativeTarget "PlugProjectUITests" */ = {
			isa = XCConfigurationList;
			buildConfigurations = (
				DA9A821D211BEBDA0074E8A8 /* Debug */,
				DA9A821E211BEBDA0074E8A8 /* Release */,
			);
			defaultConfigurationIsVisible = 0;
			defaultConfigurationName = Release;
		};
/* End XCConfigurationList section */
	};
	rootObject = DA9A81E6211BEBD90074E8A8 /* Project object */;
}
